
Microsoft Visual Studio Solution File, Format Version 12.00
# Visual Studio 15
VisualStudioVersion = 15.0.27130.2010
MinimumVisualStudioVersion = 10.0.40219.1
Project("{9A19103F-16F7-4668-BE54-9A1E7A4F7556}") = "ServicoOnlineServer", "ServicoOnlineServer\ServicoOnlineServer.csproj", "{0F6A647F-EA36-4674-96BC-5824BB826E0D}"
EndProject
Project("{9A19103F-16F7-4668-BE54-9A1E7A4F7556}") = "ServicoOnlineBusiness", "ServicoOnlineBusiness\ServicoOnlineBusiness.csproj", "{841577FA-0A2D-444E-B4AF-989414C2C9DF}"
EndProject
Project("{FAE04EC0-301F-11D3-BF4B-00C04F79EFBC}") = "ServicoOnlineTeste", "ServicoOnlineTeste\ServicoOnlineTeste.csproj", "{8357BE99-A025-4426-AFA0-163D35F0E7AE}"
EndProject
Global
	GlobalSection(SolutionConfigurationPlatforms) = preSolution
		Debug|Any CPU = Debug|Any CPU
		Release|Any CPU = Release|Any CPU
	EndGlobalSection
	GlobalSection(ProjectConfigurationPlatforms) = postSolution
		{0F6A647F-EA36-4674-96BC-5824BB826E0D}.Debug|Any CPU.ActiveCfg = Debug|Any CPU
		{0F6A647F-EA36-4674-96BC-5824BB826E0D}.Debug|Any CPU.Build.0 = Debug|Any CPU
		{0F6A647F-EA36-4674-96BC-5824BB826E0D}.Release|Any CPU.ActiveCfg = Release|Any CPU
		{0F6A647F-EA36-4674-96BC-5824BB826E0D}.Release|Any CPU.Build.0 = Release|Any CPU
		{841577FA-0A2D-444E-B4AF-989414C2C9DF}.Debug|Any CPU.ActiveCfg = Debug|Any CPU
		{841577FA-0A2D-444E-B4AF-989414C2C9DF}.Debug|Any CPU.Build.0 = Debug|Any CPU
		{841577FA-0A2D-444E-B4AF-989414C2C9DF}.Release|Any CPU.ActiveCfg = Release|Any CPU
		{841577FA-0A2D-444E-B4AF-989414C2C9DF}.Release|Any CPU.Build.0 = Release|Any CPU
		{8357BE99-A025-4426-AFA0-163D35F0E7AE}.Debug|Any CPU.ActiveCfg = Debug|Any CPU
		{8357BE99-A025-4426-AFA0-163D35F0E7AE}.Debug|Any CPU.Build.0 = Debug|Any CPU
		{8357BE99-A025-4426-AFA0-163D35F0E7AE}.Release|Any CPU.ActiveCfg = Release|Any CPU
		{8357BE99-A025-4426-AFA0-163D35F0E7AE}.Release|Any CPU.Build.0 = Release|Any CPU
	EndGlobalSection
	GlobalSection(SolutionProperties) = preSolution
		HideSolutionNode = FALSE
	EndGlobalSection
	GlobalSection(ExtensibilityGlobals) = postSolution
		SolutionGuid = {52EAB5E3-6ABA-4D89-A64F-CD1A1AE2495E}
	EndGlobalSection
EndGlobal
